PODS:
  - Alamofire (4.9.1)
  - Caishen (2.2.1)
  - Monri (1.4.1):
    - Alamofire (~> 4.0)
    - Caishen

DEPENDENCIES:
  - Alamofire
  - Monri

SPEC REPOS:
  trunk:
    - Alamofire
    - Caishen
    - Monri

SPEC CHECKSUMS:
  Alamofire: 85e8a02c69d6020a0d734f6054870d7ecb75cf18
  Caishen: 903d1d567b010b28217acd38e438b5917623cfef
  Monri: fee000c0d6d3793229b52eb6dcdb32f984b004bf

PODFILE CHECKSUM: e0544270c2fcae11481ebefb4c6abc26a31e943d

COCOAPODS: 1.12.1
